Microsoft Visual Studio Solution File, Format Version 12.00
# Visual Studio Version 17
VisualStudioVersion = 17.5.2.0
MinimumVisualStudioVersion = 10.0.40219.1
Project("{2150E333-8FDC-42A3-9474-1A3956D46DE8}") = "Lab005", "Lab005", "{0AE8BFF8-FD0B-E1E3-AB2F-D7BB76826F88}"
EndProject
Project("{2150E333-8FDC-42A3-9474-1A3956D46DE8}") = "Lab007", "Lab007", "{0C624EF4-9203-3403-3E83-2C3A04EECE87}"
EndProject
Project("{FAE04EC0-301F-11D3-BF4B-00C04F79EFBC}") = "fnGeradorBoletos", "Lab005\fnGeradorBoletos\fnGeradorBoletos.csproj", "{1238EC13-D67C-35FC-1594-6DABD943C0A5}"
EndProject
Project("{FAE04EC0-301F-11D3-BF4B-00C04F79EFBC}") = "fnValidaBoletos", "Lab005\fnValidaBoletos\fnValidaBoletos.csproj", "{68704B73-15E3-8671-869F-CF751A742E78}"
EndProject
Project("{2150E333-8FDC-42A3-9474-1A3956D46DE8}") = "functions", "functions", "{18044974-69D0-DCF5-C5CA-76465E8398D3}"
EndProject
Project("{FAE04EC0-301F-11D3-BF4B-00C04F79EFBC}") = "fnSBRentProcess", "Lab007\functions\fnSBRentProcess\fnSBRentProcess.csproj", "{CD463EC3-C56D-FD36-A72E-DD80768BDEBA}"
EndProject
Project("{2150E333-8FDC-42A3-9474-1A3956D46DE8}") = "fnGeradorBoletos (1)", "fnGeradorBoletos (1)", "{ABFD8E0F-CA68-411F-4413-C50581ABEB91}"
EndProject
Project("{2150E333-8FDC-42A3-9474-1A3956D46DE8}") = "obj", "obj", "{37D7EBB6-188F-0E48-3ECD-616B84B3EB05}"
EndProject
Project("{2150E333-8FDC-42A3-9474-1A3956D46DE8}") = "Debug", "Debug", "{97FEA948-509B-0395-D21D-CFAFB5BE52A4}"
EndProject
Project("{2150E333-8FDC-42A3-9474-1A3956D46DE8}") = "net8.0", "net8.0", "{A69020DC-6095-892A-B34D-EB02AD6DF85A}"
EndProject
Project("{FAE04EC0-301F-11D3-BF4B-00C04F79EFBC}") = "WorkerExtensions", "Lab005\fnGeradorBoletos\obj\Debug\net8.0\WorkerExtensions\WorkerExtensions.csproj", "{5CD79E9D-920E-40B4-7435-25D89C698E84}"
EndProject
Project("{2150E333-8FDC-42A3-9474-1A3956D46DE8}") = "fnValidaBoletos (1)", "fnValidaBoletos (1)", "{971BF12B-4DC5-67ED-64AD-3F559396FA16}"
EndProject
Project("{2150E333-8FDC-42A3-9474-1A3956D46DE8}") = "obj", "obj", "{C7A515FD-5BA0-2DE5-8788-F30F87F03560}"
EndProject
Project("{2150E333-8FDC-42A3-9474-1A3956D46DE8}") = "Debug", "Debug", "{C607E68F-8509-5876-470F-3A8EB0949AFD}"
EndProject
Project("{2150E333-8FDC-42A3-9474-1A3956D46DE8}") = "net8.0", "net8.0", "{2B3740ED-A8FB-9DE0-4AB5-10C92C6FA999}"
EndProject
Project("{FAE04EC0-301F-11D3-BF4B-00C04F79EFBC}") = "WorkerExtensions", "Lab005\fnValidaBoletos\obj\Debug\net8.0\WorkerExtensions\WorkerExtensions.csproj", "{78622081-7CCF-CF2C-F226-283683229FE7}"
EndProject
Project("{2150E333-8FDC-42A3-9474-1A3956D46DE8}") = "fnSBRentProcess (1)", "fnSBRentProcess (1)", "{071DCBB5-824E-26ED-B124-D9CDE781EDC1}"
EndProject
Project("{2150E333-8FDC-42A3-9474-1A3956D46DE8}") = "obj", "obj", "{D38F8F29-B6FA-721E-7B5C-0A56FB14663D}"
EndProject
Project("{2150E333-8FDC-42A3-9474-1A3956D46DE8}") = "Debug", "Debug", "{D1B14DD7-3CAF-EC5C-B161-CAB25FBC7D45}"
EndProject
Project("{2150E333-8FDC-42A3-9474-1A3956D46DE8}") = "net8.0", "net8.0", "{F0933AE0-381E-6E06-4FBA-ABEFE7BB5F50}"
EndProject
Project("{FAE04EC0-301F-11D3-BF4B-00C04F79EFBC}") = "WorkerExtensions", "Lab007\functions\fnSBRentProcess\obj\Debug\net8.0\WorkerExtensions\WorkerExtensions.csproj", "{AB1DF4D7-AADF-E83C-90BB-E452814E9187}"
EndProject
Global
	GlobalSection(SolutionConfigurationPlatforms) = preSolution
		Debug|Any CPU = Debug|Any CPU
		Release|Any CPU = Release|Any CPU
	EndGlobalSection
	GlobalSection(ProjectConfigurationPlatforms) = postSolution
		{1238EC13-D67C-35FC-1594-6DABD943C0A5}.Debug|Any CPU.ActiveCfg = Debug|Any CPU
		{1238EC13-D67C-35FC-1594-6DABD943C0A5}.Debug|Any CPU.Build.0 = Debug|Any CPU
		{1238EC13-D67C-35FC-1594-6DABD943C0A5}.Release|Any CPU.ActiveCfg = Release|Any CPU
		{1238EC13-D67C-35FC-1594-6DABD943C0A5}.Release|Any CPU.Build.0 = Release|Any CPU
		{68704B73-15E3-8671-869F-CF751A742E78}.Debug|Any CPU.ActiveCfg = Debug|Any CPU
		{68704B73-15E3-8671-869F-CF751A742E78}.Debug|Any CPU.Build.0 = Debug|Any CPU
		{68704B73-15E3-8671-869F-CF751A742E78}.Release|Any CPU.ActiveCfg = Release|Any CPU
		{68704B73-15E3-8671-869F-CF751A742E78}.Release|Any CPU.Build.0 = Release|Any CPU
		{CD463EC3-C56D-FD36-A72E-DD80768BDEBA}.Debug|Any CPU.ActiveCfg = Debug|Any CPU
		{CD463EC3-C56D-FD36-A72E-DD80768BDEBA}.Debug|Any CPU.Build.0 = Debug|Any CPU
		{CD463EC3-C56D-FD36-A72E-DD80768BDEBA}.Release|Any CPU.ActiveCfg = Release|Any CPU
		{CD463EC3-C56D-FD36-A72E-DD80768BDEBA}.Release|Any CPU.Build.0 = Release|Any CPU
		{5CD79E9D-920E-40B4-7435-25D89C698E84}.Debug|Any CPU.ActiveCfg = Debug|Any CPU
		{5CD79E9D-920E-40B4-7435-25D89C698E84}.Debug|Any CPU.Build.0 = Debug|Any CPU
		{5CD79E9D-920E-40B4-7435-25D89C698E84}.Release|Any CPU.ActiveCfg = Release|Any CPU
		{5CD79E9D-920E-40B4-7435-25D89C698E84}.Release|Any CPU.Build.0 = Release|Any CPU
		{78622081-7CCF-CF2C-F226-283683229FE7}.Debug|Any CPU.ActiveCfg = Debug|Any CPU
		{78622081-7CCF-CF2C-F226-283683229FE7}.Debug|Any CPU.Build.0 = Debug|Any CPU
		{78622081-7CCF-CF2C-F226-283683229FE7}.Release|Any CPU.ActiveCfg = Release|Any CPU
		{78622081-7CCF-CF2C-F226-283683229FE7}.Release|Any CPU.Build.0 = Release|Any CPU
		{AB1DF4D7-AADF-E83C-90BB-E452814E9187}.Debug|Any CPU.ActiveCfg = Debug|Any CPU
		{AB1DF4D7-AADF-E83C-90BB-E452814E9187}.Debug|Any CPU.Build.0 = Debug|Any CPU
		{AB1DF4D7-AADF-E83C-90BB-E452814E9187}.Release|Any CPU.ActiveCfg = Release|Any CPU
		{AB1DF4D7-AADF-E83C-90BB-E452814E9187}.Release|Any CPU.Build.0 = Release|Any CPU
	EndGlobalSection
	GlobalSection(SolutionProperties) = preSolution
		HideSolutionNode = FALSE
	EndGlobalSection
	GlobalSection(NestedProjects) = preSolution
		{1238EC13-D67C-35FC-1594-6DABD943C0A5} = {0AE8BFF8-FD0B-E1E3-AB2F-D7BB76826F88}
		{68704B73-15E3-8671-869F-CF751A742E78} = {0AE8BFF8-FD0B-E1E3-AB2F-D7BB76826F88}
		{18044974-69D0-DCF5-C5CA-76465E8398D3} = {0C624EF4-9203-3403-3E83-2C3A04EECE87}
		{CD463EC3-C56D-FD36-A72E-DD80768BDEBA} = {18044974-69D0-DCF5-C5CA-76465E8398D3}
		{ABFD8E0F-CA68-411F-4413-C50581ABEB91} = {0AE8BFF8-FD0B-E1E3-AB2F-D7BB76826F88}
		{37D7EBB6-188F-0E48-3ECD-616B84B3EB05} = {ABFD8E0F-CA68-411F-4413-C50581ABEB91}
		{97FEA948-509B-0395-D21D-CFAFB5BE52A4} = {37D7EBB6-188F-0E48-3ECD-616B84B3EB05}
		{A69020DC-6095-892A-B34D-EB02AD6DF85A} = {97FEA948-509B-0395-D21D-CFAFB5BE52A4}
		{5CD79E9D-920E-40B4-7435-25D89C698E84} = {A69020DC-6095-892A-B34D-EB02AD6DF85A}
		{971BF12B-4DC5-67ED-64AD-3F559396FA16} = {0AE8BFF8-FD0B-E1E3-AB2F-D7BB76826F88}
		{C7A515FD-5BA0-2DE5-8788-F30F87F03560} = {971BF12B-4DC5-67ED-64AD-3F559396FA16}
		{C607E68F-8509-5876-470F-3A8EB0949AFD} = {C7A515FD-5BA0-2DE5-8788-F30F87F03560}
		{2B3740ED-A8FB-9DE0-4AB5-10C92C6FA999} = {C607E68F-8509-5876-470F-3A8EB0949AFD}
		{78622081-7CCF-CF2C-F226-283683229FE7} = {2B3740ED-A8FB-9DE0-4AB5-10C92C6FA999}
		{071DCBB5-824E-26ED-B124-D9CDE781EDC1} = {18044974-69D0-DCF5-C5CA-76465E8398D3}
		{D38F8F29-B6FA-721E-7B5C-0A56FB14663D} = {071DCBB5-824E-26ED-B124-D9CDE781EDC1}
		{D1B14DD7-3CAF-EC5C-B161-CAB25FBC7D45} = {D38F8F29-B6FA-721E-7B5C-0A56FB14663D}
		{F0933AE0-381E-6E06-4FBA-ABEFE7BB5F50} = {D1B14DD7-3CAF-EC5C-B161-CAB25FBC7D45}
		{AB1DF4D7-AADF-E83C-90BB-E452814E9187} = {F0933AE0-381E-6E06-4FBA-ABEFE7BB5F50}
	EndGlobalSection
	GlobalSection(ExtensibilityGlobals) = postSolution
		SolutionGuid = {1A91C789-AEF4-4A01-B1AF-DE16C29964BC}
	EndGlobalSection
EndGlobal
